// !$*UTF8*$!
{
	archiveVersion = 1;
	classes = {
	};
	objectVersion = 46;
	objects = {

/* Begin PBXBuildFile section */
		DE4150481CE673D600704883 /* AppDelegate.swift in Sources */ = {isa = PBXBuildFile; fileRef = DE4150471CE673D600704883 /* AppDelegate.swift */; };
		DE41504A1CE673D600704883 /* ViewController.swift in Sources */ = {isa = PBXBuildFile; fileRef = DE4150491CE673D600704883 /* ViewController.swift */; };
		DE41504D1CE673D600704883 /* Main.storyboard in Resources */ = {isa = PBXBuildFile; fileRef = DE41504B1CE673D600704883 /* Main.storyboard */; };
		DE41504F1CE673D700704883 /* Assets.xcassets in Resources */ = {isa = PBXBuildFile; fileRef = DE41504E1CE673D700704883 /* Assets.xcassets */; };
		DE4150521CE673D700704883 /* LaunchScreen.storyboard in Resources */ = {isa = PBXBuildFile; fileRef = DE4150501CE673D700704883 /* LaunchScreen.storyboard */; };
		DE41505B1CE673E600704883 /* NSString+PhoneNumber.m in Sources */ = {isa = PBXBuildFile; fileRef = DE41505A1CE673E600704883 /* NSString+PhoneNumber.m */; };
/* End PBXBuildFile section */

/* Begin PBXFileReference section */
		DE4150441CE673D600704883 /* SimpleApp.app */ = {isa = PBXFileReference; explicitFileType = wrapper.application; includeInIndex = 0; path = SimpleApp.app; sourceTree = BUILT_PRODUCTS_DIR; };
		DE4150471CE673D600704883 /* AppDelegate.swift */ = {isa = PBXFileReference; lastKnownFileType = sourcecode.swift; path = AppDelegate.swift; sourceTree = "<group>"; };
		DE4150491CE673D600704883 /* ViewController.swift */ = {isa = PBXFileReference; lastKnownFileType = sourcecode.swift; path = ViewController.swift; sourceTree = "<group>"; };
		DE41504C1CE673D600704883 /* Base */ = {isa = PBXFileReference; lastKnownFileType = file.storyboard; name = Base; path = Base.lproj/Main.storyboard; sourceTree = "<group>"; };
		DE41504E1CE673D700704883 /* Assets.xcassets */ = {isa = PBXFileReference; lastKnownFileType = folder.assetcatalog; path = Assets.xcassets; sourceTree = "<group>"; };
		DE4150511CE673D700704883 /* Base */ = {isa = PBXFileReference; lastKnownFileType = file.storyboard; name = Base; path = Base.lproj/LaunchScreen.storyboard; sourceTree = "<group>"; };
		DE4150531CE673D700704883 /* Info.plist */ = {isa = PBXFileReference; lastKnownFileType = text.plist.xml; path = Info.plist; sourceTree = "<group>"; };
		DE4150591CE673E600704883 /* NSString+PhoneNumber.h */ = {isa = PBXFileReference; fileEncoding = 4; lastKnownFileType = sourcecode.c.h; path = "NSString+PhoneNumber.h"; sourceTree = "<group>"; };
		DE41505A1CE673E600704883 /* NSString+PhoneNumber.m */ = {isa = PBXFileReference; fileEncoding = 4; lastKnownFileType = sourcecode.c.objc; path = "NSString+PhoneNumber.m"; sourceTree = "<group>"; };
		DE41505C1CE6774700704883 /* SimpleApp_Bridging_Header.h */ = {isa = PBXFileReference; lastKnownFileType = sourcecode.c.h; path = SimpleApp_Bridging_Header.h; sourceTree = SOURCE_ROOT; };
/* End PBXFileReference section */

/* Begin PBXFrameworksBuildPhase section */
		DE4150411CE673D600704883 /* Frameworks */ = {
			isa = PBXFrameworksBuildPhase;
			buildActionMask = 2147483647;
			files = (
			);
			runOnlyForDeploymentPostprocessing = 0;
		};
/* End PBXFrameworksBuildPhase section */

/* Begin PBXGroup section */
		DE41503B1CE673D600704883 = {
			isa = PBXGroup;
			children = (
				DE4150461CE673D600704883 /* SimpleApp */,
				DE4150451CE673D600704883 /* Products */,
			);
			sourceTree = "<group>";
		};
		DE4150451CE673D600704883 /* Products */ = {
			isa = PBXGroup;
			children = (
				DE4150441CE673D600704883 /* SimpleApp.app */,
			);
			name = Products;
			sourceTree = "<group>";
		};
		DE4150461CE673D600704883 /* SimpleApp */ = {
			isa = PBXGroup;
			children = (
				DE41505C1CE6774700704883 /* SimpleApp_Bridging_Header.h */,
				DE4150591CE673E600704883 /* NSString+PhoneNumber.h */,
				DE41505A1CE673E600704883 /* NSString+PhoneNumber.m */,
				DE4150471CE673D600704883 /* AppDelegate.swift */,
				DE4150491CE673D600704883 /* ViewController.swift */,
				DE41504B1CE673D600704883 /* Main.storyboard */,
				DE41504E1CE673D700704883 /* Assets.xcassets */,
				DE4150501CE673D700704883 /* LaunchScreen.storyboard */,
				DE4150531CE673D700704883 /* Info.plist */,
			);
			path = SimpleApp;
			sourceTree = "<group>";
		};
/* End PBXGroup section */

/* Begin PBXNativeTarget section */
		DE4150431CE673D600704883 /* SimpleApp */ = {
			isa = PBXNativeTarget;
			buildConfigurationList = DE4150561CE673D700704883 /* Build configuration list for PBXNativeTarget "SimpleApp" */;
			buildPhases = (
				DE4150401CE673D600704883 /* Sources */,
				DE4150411CE673D600704883 /* Frameworks */,
				DE4150421CE673D600704883 /* Resources */,
			);
			buildRules = (
			);
			dependencies = (
			);
			name = SimpleApp;
			productName = SimpleApp;
			productReference = DE4150441CE673D600704883 /* SimpleApp.app */;
			productType = "com.apple.product-type.application";
		};
/* End PBXNativeTarget section */

/* Begin PBXProject section */
		DE41503C1CE673D600704883 /* Project object */ = {
			isa = PBXProject;
			attributes = {
				LastSwiftUpdateCheck = 0730;
				LastUpgradeCheck = 0730;
				ORGANIZATIONNAME = Aguilarpgc;
				TargetAttributes = {
					DE4150431CE673D600704883 = {
						CreatedOnToolsVersion = 7.3.1;
					};
				};
			};
			buildConfigurationList = DE41503F1CE673D600704883 /* Build configuration list for PBXProject "SimpleApp" */;
			compatibilityVersion = "Xcode 3.2";
			developmentRegion = English;
			hasScannedForEncodings = 0;
			knownRegions = (
				en,
				Base,
			);
			mainGroup = DE41503B1CE673D600704883;
			productRefGroup = DE4150451CE673D600704883 /* Products */;
			projectDirPath = "";
			projectRoot = "";
			targets = (
				DE4150431CE673D600704883 /* SimpleApp */,
			);
		};
/* End PBXProject section */

/* Begin PBXResourcesBuildPhase section */
		DE4150421CE673D600704883 /* Resources */ = {
			isa = PBXResourcesBuildPhase;
			buildActionMask = 2147483647;
			files = (
				DE4150521CE673D700704883 /* LaunchScreen.storyboard in Resources */,
				DE41504F1CE673D700704883 /* Assets.xcassets in Resources */,
				DE41504D1CE673D600704883 /* Main.storyboard in Resources */,
			);
			runOnlyForDeploymentPostprocessing = 0;
		};
/* End PBXResourcesBuildPhase section */

/* Begin PBXSourcesBuildPhase section */
		DE4150401CE673D600704883 /* Sources */ = {
			isa = PBXSourcesBuildPhase;
			buildActionMask = 2147483647;
			files = (
				DE41505B1CE673E600704883 /* NSString+PhoneNumber.m in Sources */,
				DE41504A1CE673D600704883 /* ViewController.swift in Sources */,
				DE4150481CE673D600704883 /* AppDelegate.swift in Sources */,
			);
			runOnlyForDeploymentPostprocessing = 0;
		};
/* End PBXSourcesBuildPhase section */

/* Begin PBXVariantGroup section */
		DE41504B1CE673D600704883 /* Main.storyboard */ = {
			isa = PBXVariantGroup;
			children = (
				DE41504C1CE673D600704883 /* Base */,
			);
			name = Main.storyboard;
			sourceTree = "<group>";
		};
		DE4150501CE673D700704883 /* LaunchScreen.storyboard */ = {
			isa = PBXVariantGroup;
			children = (
				DE4150511CE673D700704883 /* Base */,
			);
			name = LaunchScreen.storyboard;
			sourceTree = "<group>";
		};
/* End PBXVariantGroup section */

/* Begin XCBuildConfiguration section */
		DE4150541CE673D700704883 /* Debug */ = {
			isa = XCBuildConfiguration;
			buildSettings = {
				ALWAYS_SEARCH_USER_PATHS = NO;
				CLANG_ANALYZER_NONNULL = YES;
				CLANG_CXX_LANGUAGE_STANDARD = "gnu++0x";
				CLANG_CXX_LIBRARY = "libc++";
				CLANG_ENABLE_MODULES = YES;
				CLANG_ENABLE_OBJC_ARC = YES;
				CLANG_WARN_BOOL_CONVERSION = YES;
				CLANG_WARN_CONSTANT_CONVERSION = YES;
				CLANG_WARN_DIRECT_OBJC_ISA_USAGE = YES_ERROR;
				CLANG_WARN_EMPTY_BODY = YES;
				CLANG_WARN_ENUM_CONVERSION = YES;
				CLANG_WARN_INT_CONVERSION = YES;
				CLANG_WARN_OBJC_ROOT_CLASS = YES_ERROR;
				CLANG_WARN_UNREACHABLE_CODE = YES;
				CLANG_WARN__DUPLICATE_METHOD_MATCH = YES;
				"CODE_SIGN_IDENTITY[sdk=iphoneos*]" = "iPhone Developer";
				COPY_PHASE_STRIP = NO;
				DEBUG_INFORMATION_FORMAT = dwarf;
				ENABLE_STRICT_OBJC_MSGSEND = YES;
				ENABLE_TESTABILITY = YES;
				GCC_C_LANGUAGE_STANDARD = gnu99;
				GCC_DYNAMIC_NO_PIC = NO;
				GCC_NO_COMMON_BLOCKS = YES;
				GCC_OPTIMIZATION_LEVEL = 0;
				GCC_PREPROCESSOR_DEFINITIONS = (
					"DEBUG=1",
					"$(inherited)",
				);
				GCC_WARN_64_TO_32_BIT_CONVERSION = YES;
				GCC_WARN_ABOUT_RETURN_TYPE = YES_ERROR;
				GCC_WARN_UNDECLARED_SELECTOR = YES;
				GCC_WARN_UNINITIALIZED_AUTOS = YES_AGGRESSIVE;
				GCC_WARN_UNUSED_FUNCTION = YES;
				GCC_WARN_UNUSED_VARIABLE = YES;
				IPHONEOS_DEPLOYMENT_TARGET = 9.3;
				MTL_ENABLE_DEBUG_INFO = YES;
				ONLY_ACTIVE_ARCH = YES;
				SDKROOT = iphoneos;
				SWIFT_OPTIMIZATION_LEVEL = "-Onone";
			};
			name = Debug;
		};
		DE4150551CE673D700704883 /* Release */ = {
			isa = XCBuildConfiguration;
			buildSettings = {
				ALWAYS_SEARCH_USER_PATHS = NO;
				CLANG_ANALYZER_NONNULL = YES;
				CLANG_CXX_LANGUAGE_STANDARD = "gnu++0x";
				CLANG_CXX_LIBRARY = "libc++";
				CLANG_ENABLE_MODULES = YES;
				CLANG_ENABLE_OBJC_ARC = YES;
				CLANG_WARN_BOOL_CONVERSION = YES;
				CLANG_WARN_CONSTANT_CONVERSION = YES;
				CLANG_WARN_DIRECT_OBJC_ISA_USAGE = YES_ERROR;
				CLANG_WARN_EMPTY_BODY = YES;
				CLANG_WARN_ENUM_CONVERSION = YES;
				CLANG_WARN_INT_CONVERSION = YES;
				CLANG_WARN_OBJC_ROOT_CLASS = YES_ERROR;
				CLANG_WARN_UNREACHABLE_CODE = YES;
				CLANG_WARN__DUPLICATE_METHOD_MATCH = YES;
				"CODE_SIGN_IDENTITY[sdk=iphoneos*]" = "iPhone Developer";
				COPY_PHASE_STRIP = NO;
				DEBUG_INFORMATION_FORMAT = "dwarf-with-dsym";
				ENABLE_NS_ASSERTIONS = NO;
				ENABLE_STRICT_OBJC_MSGSEND = YES;
				GCC_C_LANGUAGE_STANDARD = gnu99;
				GCC_NO_COMMON_BLOCKS = YES;
				GCC_WARN_64_TO_32_BIT_CONVERSION = YES;
				GCC_WARN_ABOUT_RETURN_TYPE = YES_ERROR;
				GCC_WARN_UNDECLARED_SELECTOR = YES;
				GCC_WARN_UNINITIALIZED_AUTOS = YES_AGGRESSIVE;
				GCC_WARN_UNUSED_FUNCTION = YES;
				GCC_WARN_UNUSED_VARIABLE = YES;
				IPHONEOS_DEPLOYMENT_TARGET = 9.3;
				MTL_ENABLE_DEBUG_INFO = NO;
				SDKROOT = iphoneos;
				VALIDATE_PRODUCT = YES;
			};
			name = Release;
		};
		DE4150571CE673D700704883 /* Debug */ = {
			isa = XCBuildConfiguration;
			buildSettings = {
				ASSETCATALOG_COMPILER_APPICON_NAME = AppIcon;
				CLANG_ENABLE_MODULES = YES;
				INFOPLIST_FILE = SimpleApp/Info.plist;
				LD_RUNPATH_SEARCH_PATHS = "$(inherited) @executable_path/Frameworks";
				PRODUCT_BUNDLE_IDENTIFIER = com.aguilarpgc.SimpleApp;
				PRODUCT_NAME = "$(TARGET_NAME)";
				SWIFT_OBJC_BRIDGING_HEADER = SimpleApp_Bridging_Header.h;
				SWIFT_OPTIMIZATION_LEVEL = "-Onone";
			};
			name = Debug;
		};
		DE4150581CE673D700704883 /* Release */ = {
			isa = XCBuildConfiguration;
			buildSettings = {
				ASSETCATALOG_COMPILER_APPICON_NAME = AppIcon;
				CLANG_ENABLE_MODULES = YES;
				INFOPLIST_FILE = SimpleApp/Info.plist;
				LD_RUNPATH_SEARCH_PATHS = "$(inherited) @executable_path/Frameworks";
				PRODUCT_BUNDLE_IDENTIFIER = com.aguilarpgc.SimpleApp;
				PRODUCT_NAME = "$(TARGET_NAME)";
				SWIFT_OBJC_BRIDGING_HEADER = SimpleApp_Bridging_Header.h;
			};
			name = Release;
		};
/* End XCBuildConfiguration section */

/* Begin XCConfigurationList section */
		DE41503F1CE673D600704883 /* Build configuration list for PBXProject "SimpleApp" */ = {
			isa = XCConfigurationList;
			buildConfigurations = (
				DE4150541CE673D700704883 /* Debug */,
				DE4150551CE673D700704883 /* Release */,
			);
			defaultConfigurationIsVisible = 0;
			defaultConfigurationName = Release;
		};
		DE4150561CE673D700704883 /* Build configuration list for PBXNativeTarget "SimpleApp" */ = {
			isa = XCConfigurationList;
			buildConfigurations = (
				DE4150571CE673D700704883 /* Debug */,
				DE4150581CE673D700704883 /* Release */,
			);
			defaultConfigurationIsVisible = 0;
		};
/* End XCConfigurationList section */
	};
	rootObject = DE41503C1CE673D600704883 /* Project object */;
}
